
Microsoft Visual Studio Solution File, Format Version 12.00
# Visual Studio Version 17
VisualStudioVersion = 17.11.35312.102
MinimumVisualStudioVersion = 10.0.40219.1
Project("{9A19103F-16F7-4668-BE54-9A1E7A4F7556}") = "CisReg_Website", "CisReg_Website\CisReg_Website.csproj", "{7ABB7B5B-5EB9-4C79-BA26-D59D0E3DEBFF}"
EndProject
Global
	GlobalSection(SolutionConfigurationPlatforms) = preSolution
		Debug|Any CPU = Debug|Any CPU
		Release|Any CPU = Release|Any CPU
	EndGlobalSection
	GlobalSection(ProjectConfigurationPlatforms) = postSolution
		{7ABB7B5B-5EB9-4C79-BA26-D59D0E3DEBFF}.Debug|Any CPU.ActiveCfg = Debug|Any CPU
		{7ABB7B5B-5EB9-4C79-BA26-D59D0E3DEBFF}.Debug|Any CPU.Build.0 = Debug|Any CPU
		{7ABB7B5B-5EB9-4C79-BA26-D59D0E3DEBFF}.Release|Any CPU.ActiveCfg = Release|Any CPU
		{7ABB7B5B-5EB9-4C79-BA26-D59D0E3DEBFF}.Release|Any CPU.Build.0 = Release|Any CPU
	EndGlobalSection
	GlobalSection(SolutionProperties) = preSolution
		HideSolutionNode = FALSE
	EndGlobalSection
	GlobalSection(ExtensibilityGlobals) = postSolution
		SolutionGuid = {8F2C969D-4786-4598-8B5B-6C875195A164}
	EndGlobalSection
EndGlobal
